// !$*UTF8*$!
{
	archiveVersion = 1;
	classes = {
	};
	objectVersion = 77;
	objects = {

/* Begin PBXBuildFile section */
		DACB33A12E0DFEC2000ED8AA /* Auth in Frameworks */ = {isa = PBXBuildFile; productRef = DACB33A02E0DFEC2000ED8AA /* Auth */; };
		DACB33A32E0DFEC2000ED8AA /* Functions in Frameworks */ = {isa = PBXBuildFile; productRef = DACB33A22E0DFEC2000ED8AA /* Functions */; };
		DACB33A52E0DFEC2000ED8AA /* PostgREST in Frameworks */ = {isa = PBXBuildFile; productRef = DACB33A42E0DFEC2000ED8AA /* PostgREST */; };
		DACB33A72E0DFEC2000ED8AA /* Realtime in Frameworks */ = {isa = PBXBuildFile; productRef = DACB33A62E0DFEC2000ED8AA /* Realtime */; };
		DACB33A92E0DFEC2000ED8AA /* Storage in Frameworks */ = {isa = PBXBuildFile; productRef = DACB33A82E0DFEC2000ED8AA /* Storage */; };
		DACB33AB2E0DFEC2000ED8AA /* Supabase in Frameworks */ = {isa = PBXBuildFile; productRef = DACB33AA2E0DFEC2000ED8AA /* Supabase */; };
/* End PBXBuildFile section */

/* Begin PBXFileReference section */
		DA6E86FA2E0CE82900EC367C /* Enigmate.app */ = {isa = PBXFileReference; explicitFileType = wrapper.application; includeInIndex = 0; path = Enigmate.app; sourceTree = BUILT_PRODUCTS_DIR; };
/* End PBXFileReference section */

/* Begin PBXFileSystemSynchronizedBuildFileExceptionSet section */
		DA07FE582E104B860085F1FA /* Exceptions for "Enigmate" folder in "Enigmate" target */ = {
			isa = PBXFileSystemSynchronizedBuildFileExceptionSet;
			membershipExceptions = (
				Info.plist,
			);
			target = DA6E86F92E0CE82900EC367C /* Enigmate */;
		};
/* End PBXFileSystemSynchronizedBuildFileExceptionSet section */

/* Begin PBXFileSystemSynchronizedRootGroup section */
		DA6E86FC2E0CE82900EC367C /* Enigmate */ = {
			isa = PBXFileSystemSynchronizedRootGroup;
			exceptions = (
				DA07FE582E104B860085F1FA /* Exceptions for "Enigmate" folder in "Enigmate" target */,
			);
			path = Enigmate;
			sourceTree = "<group>";
		};
/* End PBXFileSystemSynchronizedRootGroup section */

/* Begin PBXFrameworksBuildPhase section */
		DA6E86F72E0CE82900EC367C /* Frameworks */ = {
			isa = PBXFrameworksBuildPhase;
			buildActionMask = 2147483647;
			files = (
				DACB33A52E0DFEC2000ED8AA /* PostgREST in Frameworks */,
				DACB33A32E0DFEC2000ED8AA /* Functions in Frameworks */,
				DACB33AB2E0DFEC2000ED8AA /* Supabase in Frameworks */,
				DACB33A12E0DFEC2000ED8AA /* Auth in Frameworks */,
				DACB33A92E0DFEC2000ED8AA /* Storage in Frameworks */,
				DACB33A72E0DFEC2000ED8AA /* Realtime in Frameworks */,
			);
			runOnlyForDeploymentPostprocessing = 0;
		};
/* End PBXFrameworksBuildPhase section */

/* Begin PBXGroup section */
		DA6E86F12E0CE82900EC367C = {
			isa = PBXGroup;
			children = (
				DA6E86FC2E0CE82900EC367C /* Enigmate */,
				DA6E86FB2E0CE82900EC367C /* Products */,
			);
			sourceTree = "<group>";
		};
		DA6E86FB2E0CE82900EC367C /* Products */ = {
			isa = PBXGroup;
			children = (
				DA6E86FA2E0CE82900EC367C /* Enigmate.app */,
			);
			name = Products;
			sourceTree = "<group>";
		};
/* End PBXGroup section */

/* Begin PBXNativeTarget section */
		DA6E86F92E0CE82900EC367C /* Enigmate */ = {
			isa = PBXNativeTarget;
			buildConfigurationList = DA6E87052E0CE82A00EC367C /* Build configuration list for PBXNativeTarget "Enigmate" */;
			buildPhases = (
				DA6E86F62E0CE82900EC367C /* Sources */,
				DA6E86F72E0CE82900EC367C /* Frameworks */,
				DA6E86F82E0CE82900EC367C /* Resources */,
			);
			buildRules = (
			);
			dependencies = (
			);
			fileSystemSynchronizedGroups = (
				DA6E86FC2E0CE82900EC367C /* Enigmate */,
			);
			name = Enigmate;
			packageProductDependencies = (
				DACB33A02E0DFEC2000ED8AA /* Auth */,
				DACB33A22E0DFEC2000ED8AA /* Functions */,
				DACB33A42E0DFEC2000ED8AA /* PostgREST */,
				DACB33A62E0DFEC2000ED8AA /* Realtime */,
				DACB33A82E0DFEC2000ED8AA /* Storage */,
				DACB33AA2E0DFEC2000ED8AA /* Supabase */,
			);
			productName = Enigmate;
			productReference = DA6E86FA2E0CE82900EC367C /* Enigmate.app */;
			productType = "com.apple.product-type.application";
		};
/* End PBXNativeTarget section */

/* Begin PBXProject section */
		DA6E86F22E0CE82900EC367C /* Project object */ = {
			isa = PBXProject;
			attributes = {
				BuildIndependentTargetsInParallel = 1;
				LastSwiftUpdateCheck = 1640;
				LastUpgradeCheck = 2600;
				TargetAttributes = {
					DA6E86F92E0CE82900EC367C = {
						CreatedOnToolsVersion = 16.4;
					};
				};
			};
			buildConfigurationList = DA6E86F52E0CE82900EC367C /* Build configuration list for PBXProject "Enigmate" */;
			developmentRegion = en;
			hasScannedForEncodings = 0;
			knownRegions = (
				en,
			);
			mainGroup = DA6E86F12E0CE82900EC367C;
			minimizedProjectReferenceProxies = 1;
			packageReferences = (
				DACB339F2E0DFEC2000ED8AA /* XCRemoteSwiftPackageReference "supabase-swift" */,
			);
			preferredProjectObjectVersion = 77;
			productRefGroup = DA6E86FB2E0CE82900EC367C /* Products */;
			projectDirPath = "";
			projectRoot = "";
			targets = (
				DA6E86F92E0CE82900EC367C /* Enigmate */,
			);
		};
/* End PBXProject section */

/* Begin PBXResourcesBuildPhase section */
		DA6E86F82E0CE82900EC367C /* Resources */ = {
			isa = PBXResourcesBuildPhase;
			buildActionMask = 2147483647;
			files = (
			);
			runOnlyForDeploymentPostprocessing = 0;
		};
/* End PBXResourcesBuildPhase section */

/* Begin PBXSourcesBuildPhase section */
		DA6E86F62E0CE82900EC367C /* Sources */ = {
			isa = PBXSourcesBuildPhase;
			buildActionMask = 2147483647;
			files = (
			);
			runOnlyForDeploymentPostprocessing = 0;
		};
/* End PBXSourcesBuildPhase section */

/* Begin XCBuildConfiguration section */
		DA6E87032E0CE82A00EC367C /* Debug */ = {
			isa = XCBuildConfiguration;
			buildSettings = {
				ALWAYS_SEARCH_USER_PATHS = NO;
				ASSETCATALOG_COMPILER_GENERATE_SWIFT_ASSET_SYMBOL_EXTENSIONS = YES;
				CLANG_ANALYZER_NONNULL = YES;
				CLANG_ANALYZER_NUMBER_OBJECT_CONVERSION = YES_AGGRESSIVE;
				CLANG_CXX_LANGUAGE_STANDARD = "gnu++20";
				CLANG_ENABLE_MODULES = YES;
				CLANG_ENABLE_OBJC_ARC = YES;
				CLANG_ENABLE_OBJC_WEAK = YES;
				CLANG_WARN_BLOCK_CAPTURE_AUTORELEASING = YES;
				CLANG_WARN_BOOL_CONVERSION = YES;
				CLANG_WARN_COMMA = YES;
				CLANG_WARN_CONSTANT_CONVERSION = YES;
				CLANG_WARN_DEPRECATED_OBJC_IMPLEMENTATIONS = YES;
				CLANG_WARN_DIRECT_OBJC_ISA_USAGE = YES_ERROR;
				CLANG_WARN_DOCUMENTATION_COMMENTS = YES;
				CLANG_WARN_EMPTY_BODY = YES;
				CLANG_WARN_ENUM_CONVERSION = YES;
				CLANG_WARN_INFINITE_RECURSION = YES;
				CLANG_WARN_INT_CONVERSION = YES;
				CLANG_WARN_NON_LITERAL_NULL_CONVERSION = YES;
				CLANG_WARN_OBJC_IMPLICIT_RETAIN_SELF = YES;
				CLANG_WARN_OBJC_LITERAL_CONVERSION = YES;
				CLANG_WARN_OBJC_ROOT_CLASS = YES_ERROR;
				CLANG_WARN_QUOTED_INCLUDE_IN_FRAMEWORK_HEADER = YES;
				CLANG_WARN_RANGE_LOOP_ANALYSIS = YES;
				CLANG_WARN_STRICT_PROTOTYPES = YES;
				CLANG_WARN_SUSPICIOUS_MOVE = YES;
				CLANG_WARN_UNGUARDED_AVAILABILITY = YES_AGGRESSIVE;
				CLANG_WARN_UNREACHABLE_CODE = YES;
				CLANG_WARN__DUPLICATE_METHOD_MATCH = YES;
				COPY_PHASE_STRIP = NO;
				DEBUG_INFORMATION_FORMAT = dwarf;
				DEVELOPMENT_TEAM = 2LW3ZBA486;
				ENABLE_STRICT_OBJC_MSGSEND = YES;
				ENABLE_TESTABILITY = YES;
				ENABLE_USER_SCRIPT_SANDBOXING = YES;
				GCC_C_LANGUAGE_STANDARD = gnu17;
				GCC_DYNAMIC_NO_PIC = NO;
				GCC_NO_COMMON_BLOCKS = YES;
				GCC_OPTIMIZATION_LEVEL = 0;
				GCC_PREPROCESSOR_DEFINITIONS = (
					"DEBUG=1",
					"$(inherited)",
				);
				GCC_WARN_64_TO_32_BIT_CONVERSION = YES;
				GCC_WARN_ABOUT_RETURN_TYPE = YES_ERROR;
				GCC_WARN_UNDECLARED_SELECTOR = YES;
				GCC_WARN_UNINITIALIZED_AUTOS = YES_AGGRESSIVE;
				GCC_WARN_UNUSED_FUNCTION = YES;
				GCC_WARN_UNUSED_VARIABLE = YES;
				IPHONEOS_DEPLOYMENT_TARGET = 18.5;
				LOCALIZATION_PREFERS_STRING_CATALOGS = YES;
				MTL_ENABLE_DEBUG_INFO = INCLUDE_SOURCE;
				MTL_FAST_MATH = YES;
				ONLY_ACTIVE_ARCH = YES;
				SDKROOT = iphoneos;
				SWIFT_ACTIVE_COMPILATION_CONDITIONS = "DEBUG $(inherited)";
				SWIFT_OPTIMIZATION_LEVEL = "-Onone";
			};
			name = Debug;
		};
		DA6E87042E0CE82A00EC367C /* Release */ = {
			isa = XCBuildConfiguration;
			buildSettings = {
				ALWAYS_SEARCH_USER_PATHS = NO;
				ASSETCATALOG_COMPILER_GENERATE_SWIFT_ASSET_SYMBOL_EXTENSIONS = YES;
				CLANG_ANALYZER_NONNULL = YES;
				CLANG_ANALYZER_NUMBER_OBJECT_CONVERSION = YES_AGGRESSIVE;
				CLANG_CXX_LANGUAGE_STANDARD = "gnu++20";
				CLANG_ENABLE_MODULES = YES;
				CLANG_ENABLE_OBJC_ARC = YES;
				CLANG_ENABLE_OBJC_WEAK = YES;
				CLANG_WARN_BLOCK_CAPTURE_AUTORELEASING = YES;
				CLANG_WARN_BOOL_CONVERSION = YES;
				CLANG_WARN_COMMA = YES;
				CLANG_WARN_CONSTANT_CONVERSION = YES;
				CLANG_WARN_DEPRECATED_OBJC_IMPLEMENTATIONS = YES;
				CLANG_WARN_DIRECT_OBJC_ISA_USAGE = YES_ERROR;
				CLANG_WARN_DOCUMENTATION_COMMENTS = YES;
				CLANG_WARN_EMPTY_BODY = YES;
				CLANG_WARN_ENUM_CONVERSION = YES;
				CLANG_WARN_INFINITE_RECURSION = YES;
				CLANG_WARN_INT_CONVERSION = YES;
				CLANG_WARN_NON_LITERAL_NULL_CONVERSION = YES;
				CLANG_WARN_OBJC_IMPLICIT_RETAIN_SELF = YES;
				CLANG_WARN_OBJC_LITERAL_CONVERSION = YES;
				CLANG_WARN_OBJC_ROOT_CLASS = YES_ERROR;
				CLANG_WARN_QUOTED_INCLUDE_IN_FRAMEWORK_HEADER = YES;
				CLANG_WARN_RANGE_LOOP_ANALYSIS = YES;
				CLANG_WARN_STRICT_PROTOTYPES = YES;
				CLANG_WARN_SUSPICIOUS_MOVE = YES;
				CLANG_WARN_UNGUARDED_AVAILABILITY = YES_AGGRESSIVE;
				CLANG_WARN_UNREACHABLE_CODE = YES;
				CLANG_WARN__DUPLICATE_METHOD_MATCH = YES;
				COPY_PHASE_STRIP = NO;
				DEBUG_INFORMATION_FORMAT = "dwarf-with-dsym";
				DEVELOPMENT_TEAM = 2LW3ZBA486;
				ENABLE_NS_ASSERTIONS = NO;
				ENABLE_STRICT_OBJC_MSGSEND = YES;
				ENABLE_USER_SCRIPT_SANDBOXING = YES;
				GCC_C_LANGUAGE_STANDARD = gnu17;
				GCC_NO_COMMON_BLOCKS = YES;
				GCC_WARN_64_TO_32_BIT_CONVERSION = YES;
				GCC_WARN_ABOUT_RETURN_TYPE = YES_ERROR;
				GCC_WARN_UNDECLARED_SELECTOR = YES;
				GCC_WARN_UNINITIALIZED_AUTOS = YES_AGGRESSIVE;
				GCC_WARN_UNUSED_FUNCTION = YES;
				GCC_WARN_UNUSED_VARIABLE = YES;
				IPHONEOS_DEPLOYMENT_TARGET = 18.5;
				LOCALIZATION_PREFERS_STRING_CATALOGS = YES;
				MTL_ENABLE_DEBUG_INFO = NO;
				MTL_FAST_MATH = YES;
				SDKROOT = iphoneos;
				SWIFT_COMPILATION_MODE = wholemodule;
				VALIDATE_PRODUCT = YES;
			};
			name = Release;
		};
		DA6E87062E0CE82A00EC367C /* Debug */ = {
			isa = XCBuildConfiguration;
			buildSettings = {
				ASSETCATALOG_COMPILER_APPICON_NAME = AppIcon;
				ASSETCATALOG_COMPILER_GLOBAL_ACCENT_COLOR_NAME = AccentColor;
				CODE_SIGN_STYLE = Automatic;
				CURRENT_PROJECT_VERSION = 1;
				DEVELOPMENT_TEAM = 2LW3ZBA486;
				ENABLE_PREVIEWS = YES;
				GENERATE_INFOPLIST_FILE = YES;
				INFOPLIST_FILE = Enigmate/Info.plist;
				INFOPLIST_KEY_UIApplicationSceneManifest_Generation = YES;
				INFOPLIST_KEY_UIApplicationSupportsIndirectInputEvents = YES;
				INFOPLIST_KEY_UILaunchScreen_Generation = YES;
				INFOPLIST_KEY_UISupportedInterfaceOrientations_iPad = "UIInterfaceOrientationPortrait UIInterfaceOrientationPortraitUpsideDown UIInterfaceOrientationLandscapeLeft UIInterfaceOrientationLandscapeRight";
				INFOPLIST_KEY_UISupportedInterfaceOrientations_iPhone = "UIInterfaceOrientationPortrait UIInterfaceOrientationLandscapeLeft UIInterfaceOrientationLandscapeRight";
				IPHONEOS_DEPLOYMENT_TARGET = 18.4;
				LD_RUNPATH_SEARCH_PATHS = (
					"$(inherited)",
					"@executable_path/Frameworks",
				);
				MARKETING_VERSION = 1.0;
				PRODUCT_BUNDLE_IDENTIFIER = clemmbn.Enigmate;
				PRODUCT_NAME = "$(TARGET_NAME)";
				SWIFT_EMIT_LOC_STRINGS = YES;
				SWIFT_VERSION = 5.0;
				TARGETED_DEVICE_FAMILY = "1,2";
			};
			name = Debug;
		};
		DA6E87072E0CE82A00EC367C /* Release */ = {
			isa = XCBuildConfiguration;
			buildSettings = {
				ASSETCATALOG_COMPILER_APPICON_NAME = AppIcon;
				ASSETCATALOG_COMPILER_GLOBAL_ACCENT_COLOR_NAME = AccentColor;
				CODE_SIGN_STYLE = Automatic;
				CURRENT_PROJECT_VERSION = 1;
				DEVELOPMENT_TEAM = 2LW3ZBA486;
				ENABLE_PREVIEWS = YES;
				GENERATE_INFOPLIST_FILE = YES;
				INFOPLIST_FILE = Enigmate/Info.plist;
				INFOPLIST_KEY_UIApplicationSceneManifest_Generation = YES;
				INFOPLIST_KEY_UIApplicationSupportsIndirectInputEvents = YES;
				INFOPLIST_KEY_UILaunchScreen_Generation = YES;
				INFOPLIST_KEY_UISupportedInterfaceOrientations_iPad = "UIInterfaceOrientationPortrait UIInterfaceOrientationPortraitUpsideDown UIInterfaceOrientationLandscapeLeft UIInterfaceOrientationLandscapeRight";
				INFOPLIST_KEY_UISupportedInterfaceOrientations_iPhone = "UIInterfaceOrientationPortrait UIInterfaceOrientationLandscapeLeft UIInterfaceOrientationLandscapeRight";
				IPHONEOS_DEPLOYMENT_TARGET = 18.4;
				LD_RUNPATH_SEARCH_PATHS = (
					"$(inherited)",
					"@executable_path/Frameworks",
				);
				MARKETING_VERSION = 1.0;
				PRODUCT_BUNDLE_IDENTIFIER = clemmbn.Enigmate;
				PRODUCT_NAME = "$(TARGET_NAME)";
				SWIFT_EMIT_LOC_STRINGS = YES;
				SWIFT_VERSION = 5.0;
				TARGETED_DEVICE_FAMILY = "1,2";
			};
			name = Release;
		};
/* End XCBuildConfiguration section */

/* Begin XCConfigurationList section */
		DA6E86F52E0CE82900EC367C /* Build configuration list for PBXProject "Enigmate" */ = {
			isa = XCConfigurationList;
			buildConfigurations = (
				DA6E87032E0CE82A00EC367C /* Debug */,
				DA6E87042E0CE82A00EC367C /* Release */,
			);
			defaultConfigurationIsVisible = 0;
			defaultConfigurationName = Release;
		};
		DA6E87052E0CE82A00EC367C /* Build configuration list for PBXNativeTarget "Enigmate" */ = {
			isa = XCConfigurationList;
			buildConfigurations = (
				DA6E87062E0CE82A00EC367C /* Debug */,
				DA6E87072E0CE82A00EC367C /* Release */,
			);
			defaultConfigurationIsVisible = 0;
			defaultConfigurationName = Release;
		};
/* End XCConfigurationList section */

/* Begin XCRemoteSwiftPackageReference section */
		DACB339F2E0DFEC2000ED8AA /* XCRemoteSwiftPackageReference "supabase-swift" */ = {
			isa = XCRemoteSwiftPackageReference;
			repositoryURL = "https://github.com/supabase-community/supabase-swift.git";
			requirement = {
				kind = upToNextMajorVersion;
				minimumVersion = 2.5.1;
			};
		};
/* End XCRemoteSwiftPackageReference section */

/* Begin XCSwiftPackageProductDependency section */
		DACB33A02E0DFEC2000ED8AA /* Auth */ = {
			isa = XCSwiftPackageProductDependency;
			package = DACB339F2E0DFEC2000ED8AA /* XCRemoteSwiftPackageReference "supabase-swift" */;
			productName = Auth;
		};
		DACB33A22E0DFEC2000ED8AA /* Functions */ = {
			isa = XCSwiftPackageProductDependency;
			package = DACB339F2E0DFEC2000ED8AA /* XCRemoteSwiftPackageReference "supabase-swift" */;
			productName = Functions;
		};
		DACB33A42E0DFEC2000ED8AA /* PostgREST */ = {
			isa = XCSwiftPackageProductDependency;
			package = DACB339F2E0DFEC2000ED8AA /* XCRemoteSwiftPackageReference "supabase-swift" */;
			productName = PostgREST;
		};
		DACB33A62E0DFEC2000ED8AA /* Realtime */ = {
			isa = XCSwiftPackageProductDependency;
			package = DACB339F2E0DFEC2000ED8AA /* XCRemoteSwiftPackageReference "supabase-swift" */;
			productName = Realtime;
		};
		DACB33A82E0DFEC2000ED8AA /* Storage */ = {
			isa = XCSwiftPackageProductDependency;
			package = DACB339F2E0DFEC2000ED8AA /* XCRemoteSwiftPackageReference "supabase-swift" */;
			productName = Storage;
		};
		DACB33AA2E0DFEC2000ED8AA /* Supabase */ = {
			isa = XCSwiftPackageProductDependency;
			package = DACB339F2E0DFEC2000ED8AA /* XCRemoteSwiftPackageReference "supabase-swift" */;
			productName = Supabase;
		};
/* End XCSwiftPackageProductDependency section */
	};
	rootObject = DA6E86F22E0CE82900EC367C /* Project object */;
}
